// !$*UTF8*$!
{
	archiveVersion = 1;
	classes = {
	};
	objectVersion = 50;
	objects = {

/* Begin PBXBuildFile section */
		9590AD01271814B3001D55D0 /* AppDelegate.swift in Sources */ = {isa = PBXBuildFile; fileRef = 9590AD00271814B3001D55D0 /* AppDelegate.swift */; };
		9590AD03271814B3001D55D0 /* art.scnassets in Resources */ = {isa = PBXBuildFile; fileRef = 9590AD02271814B3001D55D0 /* art.scnassets */; };
		9590AD05271814B3001D55D0 /* ViewController.swift in Sources */ = {isa = PBXBuildFile; fileRef = 9590AD04271814B3001D55D0 /* ViewController.swift */; };
		9590AD08271814B3001D55D0 /* Main.storyboard in Resources */ = {isa = PBXBuildFile; fileRef = 9590AD06271814B3001D55D0 /* Main.storyboard */; };
		9590AD0A271814B3001D55D0 /* Assets.xcassets in Resources */ = {isa = PBXBuildFile; fileRef = 9590AD09271814B3001D55D0 /* Assets.xcassets */; };
		9590AD0D271814B3001D55D0 /* LaunchScreen.storyboard in Resources */ = {isa = PBXBuildFile; fileRef = 9590AD0B271814B3001D55D0 /* LaunchScreen.storyboard */; };
/* End PBXBuildFile section */

/* Begin PBXFileReference section */
		9590ACFD271814B3001D55D0 /* HeartAndDimonds.app */ = {isa = PBXFileReference; explicitFileType = wrapper.application; includeInIndex = 0; path = HeartAndDimonds.app; sourceTree = BUILT_PRODUCTS_DIR; };
		9590AD00271814B3001D55D0 /* AppDelegate.swift */ = {isa = PBXFileReference; lastKnownFileType = sourcecode.swift; path = AppDelegate.swift; sourceTree = "<group>"; };
		9590AD02271814B3001D55D0 /* art.scnassets */ = {isa = PBXFileReference; lastKnownFileType = wrapper.scnassets; path = art.scnassets; sourceTree = "<group>"; };
		9590AD04271814B3001D55D0 /* ViewController.swift */ = {isa = PBXFileReference; lastKnownFileType = sourcecode.swift; path = ViewController.swift; sourceTree = "<group>"; };
		9590AD07271814B3001D55D0 /* Base */ = {isa = PBXFileReference; lastKnownFileType = file.storyboard; name = Base; path = Base.lproj/Main.storyboard; sourceTree = "<group>"; };
		9590AD09271814B3001D55D0 /* Assets.xcassets */ = {isa = PBXFileReference; lastKnownFileType = folder.assetcatalog; path = Assets.xcassets; sourceTree = "<group>"; };
		9590AD0C271814B3001D55D0 /* Base */ = {isa = PBXFileReference; lastKnownFileType = file.storyboard; name = Base; path = Base.lproj/LaunchScreen.storyboard; sourceTree = "<group>"; };
		9590AD0E271814B3001D55D0 /* Info.plist */ = {isa = PBXFileReference; lastKnownFileType = text.plist.xml; path = Info.plist; sourceTree = "<group>"; };
/* End PBXFileReference section */

/* Begin PBXFrameworksBuildPhase section */
		9590ACFA271814B3001D55D0 /* Frameworks */ = {
			isa = PBXFrameworksBuildPhase;
			buildActionMask = 2147483647;
			files = (
			);
			runOnlyForDeploymentPostprocessing = 0;
		};
/* End PBXFrameworksBuildPhase section */

/* Begin PBXGroup section */
		9590ACF4271814B3001D55D0 = {
			isa = PBXGroup;
			children = (
				9590ACFF271814B3001D55D0 /* HeartAndDimonds */,
				9590ACFE271814B3001D55D0 /* Products */,
			);
			sourceTree = "<group>";
		};
		9590ACFE271814B3001D55D0 /* Products */ = {
			isa = PBXGroup;
			children = (
				9590ACFD271814B3001D55D0 /* HeartAndDimonds.app */,
			);
			name = Products;
			sourceTree = "<group>";
		};
		9590ACFF271814B3001D55D0 /* HeartAndDimonds */ = {
			isa = PBXGroup;
			children = (
				9590AD00271814B3001D55D0 /* AppDelegate.swift */,
				9590AD02271814B3001D55D0 /* art.scnassets */,
				9590AD04271814B3001D55D0 /* ViewController.swift */,
				9590AD06271814B3001D55D0 /* Main.storyboard */,
				9590AD09271814B3001D55D0 /* Assets.xcassets */,
				9590AD0B271814B3001D55D0 /* LaunchScreen.storyboard */,
				9590AD0E271814B3001D55D0 /* Info.plist */,
			);
			path = HeartAndDimonds;
			sourceTree = "<group>";
		};
/* End PBXGroup section */

/* Begin PBXNativeTarget section */
		9590ACFC271814B3001D55D0 /* HeartAndDimonds */ = {
			isa = PBXNativeTarget;
			buildConfigurationList = 9590AD11271814B3001D55D0 /* Build configuration list for PBXNativeTarget "HeartAndDimonds" */;
			buildPhases = (
				9590ACF9271814B3001D55D0 /* Sources */,
				9590ACFA271814B3001D55D0 /* Frameworks */,
				9590ACFB271814B3001D55D0 /* Resources */,
			);
			buildRules = (
			);
			dependencies = (
			);
			name = HeartAndDimonds;
			productName = HeartAndDimonds;
			productReference = 9590ACFD271814B3001D55D0 /* HeartAndDimonds.app */;
			productType = "com.apple.product-type.application";
		};
/* End PBXNativeTarget section */

/* Begin PBXProject section */
		9590ACF5271814B3001D55D0 /* Project object */ = {
			isa = PBXProject;
			attributes = {
				LastSwiftUpdateCheck = 1250;
				LastUpgradeCheck = 1250;
				TargetAttributes = {
					9590ACFC271814B3001D55D0 = {
						CreatedOnToolsVersion = 12.5;
					};
				};
			};
			buildConfigurationList = 9590ACF8271814B3001D55D0 /* Build configuration list for PBXProject "HeartAndDimonds" */;
			compatibilityVersion = "Xcode 9.3";
			developmentRegion = en;
			hasScannedForEncodings = 0;
			knownRegions = (
				en,
				Base,
			);
			mainGroup = 9590ACF4271814B3001D55D0;
			productRefGroup = 9590ACFE271814B3001D55D0 /* Products */;
			projectDirPath = "";
			projectRoot = "";
			targets = (
				9590ACFC271814B3001D55D0 /* HeartAndDimonds */,
			);
		};
/* End PBXProject section */

/* Begin PBXResourcesBuildPhase section */
		9590ACFB271814B3001D55D0 /* Resources */ = {
			isa = PBXResourcesBuildPhase;
			buildActionMask = 2147483647;
			files = (
				9590AD03271814B3001D55D0 /* art.scnassets in Resources */,
				9590AD0D271814B3001D55D0 /* LaunchScreen.storyboard in Resources */,
				9590AD0A271814B3001D55D0 /* Assets.xcassets in Resources */,
				9590AD08271814B3001D55D0 /* Main.storyboard in Resources */,
			);
			runOnlyForDeploymentPostprocessing = 0;
		};
/* End PBXResourcesBuildPhase section */

/* Begin PBXSourcesBuildPhase section */
		9590ACF9271814B3001D55D0 /* Sources */ = {
			isa = PBXSourcesBuildPhase;
			buildActionMask = 2147483647;
			files = (
				9590AD05271814B3001D55D0 /* ViewController.swift in Sources */,
				9590AD01271814B3001D55D0 /* AppDelegate.swift in Sources */,
			);
			runOnlyForDeploymentPostprocessing = 0;
		};
/* End PBXSourcesBuildPhase section */

/* Begin PBXVariantGroup section */
		9590AD06271814B3001D55D0 /* Main.storyboard */ = {
			isa = PBXVariantGroup;
			children = (
				9590AD07271814B3001D55D0 /* Base */,
			);
			name = Main.storyboard;
			sourceTree = "<group>";
		};
		9590AD0B271814B3001D55D0 /* LaunchScreen.storyboard */ = {
			isa = PBXVariantGroup;
			children = (
				9590AD0C271814B3001D55D0 /* Base */,
			);
			name = LaunchScreen.storyboard;
			sourceTree = "<group>";
		};
/* End PBXVariantGroup section */

/* Begin XCBuildConfiguration section */
		9590AD0F271814B3001D55D0 /* Debug */ = {
			isa = XCBuildConfiguration;
			buildSettings = {
				ALWAYS_SEARCH_USER_PATHS = NO;
				CLANG_ANALYZER_NONNULL = YES;
				CLANG_ANALYZER_NUMBER_OBJECT_CONVERSION = YES_AGGRESSIVE;
				CLANG_CXX_LANGUAGE_STANDARD = "gnu++14";
				CLANG_CXX_LIBRARY = "libc++";
				CLANG_ENABLE_MODULES = YES;
				CLANG_ENABLE_OBJC_ARC = YES;
				CLANG_ENABLE_OBJC_WEAK = YES;
				CLANG_WARN_BLOCK_CAPTURE_AUTORELEASING = YES;
				CLANG_WARN_BOOL_CONVERSION = YES;
				CLANG_WARN_COMMA = YES;
				CLANG_WARN_CONSTANT_CONVERSION = YES;
				CLANG_WARN_DEPRECATED_OBJC_IMPLEMENTATIONS = YES;
				CLANG_WARN_DIRECT_OBJC_ISA_USAGE = YES_ERROR;
				CLANG_WARN_DOCUMENTATION_COMMENTS = YES;
				CLANG_WARN_EMPTY_BODY = YES;
				CLANG_WARN_ENUM_CONVERSION = YES;
				CLANG_WARN_INFINITE_RECURSION = YES;
				CLANG_WARN_INT_CONVERSION = YES;
				CLANG_WARN_NON_LITERAL_NULL_CONVERSION = YES;
				CLANG_WARN_OBJC_IMPLICIT_RETAIN_SELF = YES;
				CLANG_WARN_OBJC_LITERAL_CONVERSION = YES;
				CLANG_WARN_OBJC_ROOT_CLASS = YES_ERROR;
				CLANG_WARN_QUOTED_INCLUDE_IN_FRAMEWORK_HEADER = YES;
				CLANG_WARN_RANGE_LOOP_ANALYSIS = YES;
				CLANG_WARN_STRICT_PROTOTYPES = YES;
				CLANG_WARN_SUSPICIOUS_MOVE = YES;
				CLANG_WARN_UNGUARDED_AVAILABILITY = YES_AGGRESSIVE;
				CLANG_WARN_UNREACHABLE_CODE = YES;
				CLANG_WARN__DUPLICATE_METHOD_MATCH = YES;
				COPY_PHASE_STRIP = NO;
				DEBUG_INFORMATION_FORMAT = dwarf;
				ENABLE_STRICT_OBJC_MSGSEND = YES;
				ENABLE_TESTABILITY = YES;
				GCC_C_LANGUAGE_STANDARD = gnu11;
				GCC_DYNAMIC_NO_PIC = NO;
				GCC_NO_COMMON_BLOCKS = YES;
				GCC_OPTIMIZATION_LEVEL = 0;
				GCC_PREPROCESSOR_DEFINITIONS = (
					"DEBUG=1",
					"$(inherited)",
				);
				GCC_WARN_64_TO_32_BIT_CONVERSION = YES;
				GCC_WARN_ABOUT_RETURN_TYPE = YES_ERROR;
				GCC_WARN_UNDECLARED_SELECTOR = YES;
				GCC_WARN_UNINITIALIZED_AUTOS = YES_AGGRESSIVE;
				GCC_WARN_UNUSED_FUNCTION = YES;
				GCC_WARN_UNUSED_VARIABLE = YES;
				IPHONEOS_DEPLOYMENT_TARGET = 14.5;
				MTL_ENABLE_DEBUG_INFO = INCLUDE_SOURCE;
				MTL_FAST_MATH = YES;
				ONLY_ACTIVE_ARCH = YES;
				SDKROOT = iphoneos;
				SWIFT_ACTIVE_COMPILATION_CONDITIONS = DEBUG;
				SWIFT_OPTIMIZATION_LEVEL = "-Onone";
			};
			name = Debug;
		};
		9590AD10271814B3001D55D0 /* Release */ = {
			isa = XCBuildConfiguration;
			buildSettings = {
				ALWAYS_SEARCH_USER_PATHS = NO;
				CLANG_ANALYZER_NONNULL = YES;
				CLANG_ANALYZER_NUMBER_OBJECT_CONVERSION = YES_AGGRESSIVE;
				CLANG_CXX_LANGUAGE_STANDARD = "gnu++14";
				CLANG_CXX_LIBRARY = "libc++";
				CLANG_ENABLE_MODULES = YES;
				CLANG_ENABLE_OBJC_ARC = YES;
				CLANG_ENABLE_OBJC_WEAK = YES;
				CLANG_WARN_BLOCK_CAPTURE_AUTORELEASING = YES;
				CLANG_WARN_BOOL_CONVERSION = YES;
				CLANG_WARN_COMMA = YES;
				CLANG_WARN_CONSTANT_CONVERSION = YES;
				CLANG_WARN_DEPRECATED_OBJC_IMPLEMENTATIONS = YES;
				CLANG_WARN_DIRECT_OBJC_ISA_USAGE = YES_ERROR;
				CLANG_WARN_DOCUMENTATION_COMMENTS = YES;
				CLANG_WARN_EMPTY_BODY = YES;
				CLANG_WARN_ENUM_CONVERSION = YES;
				CLANG_WARN_INFINITE_RECURSION = YES;
				CLANG_WARN_INT_CONVERSION = YES;
				CLANG_WARN_NON_LITERAL_NULL_CONVERSION = YES;
				CLANG_WARN_OBJC_IMPLICIT_RETAIN_SELF = YES;
				CLANG_WARN_OBJC_LITERAL_CONVERSION = YES;
				CLANG_WARN_OBJC_ROOT_CLASS = YES_ERROR;
				CLANG_WARN_QUOTED_INCLUDE_IN_FRAMEWORK_HEADER = YES;
				CLANG_WARN_RANGE_LOOP_ANALYSIS = YES;
				CLANG_WARN_STRICT_PROTOTYPES = YES;
				CLANG_WARN_SUSPICIOUS_MOVE = YES;
				CLANG_WARN_UNGUARDED_AVAILABILITY = YES_AGGRESSIVE;
				CLANG_WARN_UNREACHABLE_CODE = YES;
				CLANG_WARN__DUPLICATE_METHOD_MATCH = YES;
				COPY_PHASE_STRIP = NO;
				DEBUG_INFORMATION_FORMAT = "dwarf-with-dsym";
				ENABLE_NS_ASSERTIONS = NO;
				ENABLE_STRICT_OBJC_MSGSEND = YES;
				GCC_C_LANGUAGE_STANDARD = gnu11;
				GCC_NO_COMMON_BLOCKS = YES;
				GCC_WARN_64_TO_32_BIT_CONVERSION = YES;
				GCC_WARN_ABOUT_RETURN_TYPE = YES_ERROR;
				GCC_WARN_UNDECLARED_SELECTOR = YES;
				GCC_WARN_UNINITIALIZED_AUTOS = YES_AGGRESSIVE;
				GCC_WARN_UNUSED_FUNCTION = YES;
				GCC_WARN_UNUSED_VARIABLE = YES;
				IPHONEOS_DEPLOYMENT_TARGET = 14.5;
				MTL_ENABLE_DEBUG_INFO = NO;
				MTL_FAST_MATH = YES;
				SDKROOT = iphoneos;
				SWIFT_COMPILATION_MODE = wholemodule;
				SWIFT_OPTIMIZATION_LEVEL = "-O";
				VALIDATE_PRODUCT = YES;
			};
			name = Release;
		};
		9590AD12271814B3001D55D0 /* Debug */ = {
			isa = XCBuildConfiguration;
			buildSettings = {
				ASSETCATALOG_COMPILER_APPICON_NAME = AppIcon;
				ASSETCATALOG_COMPILER_GLOBAL_ACCENT_COLOR_NAME = AccentColor;
				CODE_SIGN_STYLE = Automatic;
				DEVELOPMENT_TEAM = 4WV74G5PNB;
				INFOPLIST_FILE = HeartAndDimonds/Info.plist;
				LD_RUNPATH_SEARCH_PATHS = (
					"$(inherited)",
					"@executable_path/Frameworks",
				);
				PRODUCT_BUNDLE_IDENTIFIER = sajjad.com.HeartAndDimonds;
				PRODUCT_NAME = "$(TARGET_NAME)";
				SWIFT_VERSION = 5.0;
				TARGETED_DEVICE_FAMILY = "1,2";
			};
			name = Debug;
		};
		9590AD13271814B3001D55D0 /* Release */ = {
			isa = XCBuildConfiguration;
			buildSettings = {
				ASSETCATALOG_COMPILER_APPICON_NAME = AppIcon;
				ASSETCATALOG_COMPILER_GLOBAL_ACCENT_COLOR_NAME = AccentColor;
				CODE_SIGN_STYLE = Automatic;
				DEVELOPMENT_TEAM = 4WV74G5PNB;
				INFOPLIST_FILE = HeartAndDimonds/Info.plist;
				LD_RUNPATH_SEARCH_PATHS = (
					"$(inherited)",
					"@executable_path/Frameworks",
				);
				PRODUCT_BUNDLE_IDENTIFIER = sajjad.com.HeartAndDimonds;
				PRODUCT_NAME = "$(TARGET_NAME)";
				SWIFT_VERSION = 5.0;
				TARGETED_DEVICE_FAMILY = "1,2";
			};
			name = Release;
		};
/* End XCBuildConfiguration section */

/* Begin XCConfigurationList section */
		9590ACF8271814B3001D55D0 /* Build configuration list for PBXProject "HeartAndDimonds" */ = {
			isa = XCConfigurationList;
			buildConfigurations = (
				9590AD0F271814B3001D55D0 /* Debug */,
				9590AD10271814B3001D55D0 /* Release */,
			);
			defaultConfigurationIsVisible = 0;
			defaultConfigurationName = Release;
		};
		9590AD11271814B3001D55D0 /* Build configuration list for PBXNativeTarget "HeartAndDimonds" */ = {
			isa = XCConfigurationList;
			buildConfigurations = (
				9590AD12271814B3001D55D0 /* Debug */,
				9590AD13271814B3001D55D0 /* Release */,
			);
			defaultConfigurationIsVisible = 0;
			defaultConfigurationName = Release;
		};
/* End XCConfigurationList section */
	};
	rootObject = 9590ACF5271814B3001D55D0 /* Project object */;
}
